
Microsoft Visual Studio Solution File, Format Version 12.00
# Visual Studio Version 17
VisualStudioVersion = 17.5.33627.172
MinimumVisualStudioVersion = 10.0.40219.1
Project("{FAE04EC0-301F-11D3-BF4B-00C04F79EFBC}") = "ProyectoTallerPOO", "ProyectoTallerPOO\ProyectoTallerPOO.csproj", "{AC3981A2-3EE7-4E87-B6E6-1BD8295A0DE8}"
EndProject
Global
	GlobalSection(SolutionConfigurationPlatforms) = preSolution
		Debug|Any CPU = Debug|Any CPU
		Release|Any CPU = Release|Any CPU
	EndGlobalSection
	GlobalSection(ProjectConfigurationPlatforms) = postSolution
		{AC3981A2-3EE7-4E87-B6E6-1BD8295A0DE8}.Debug|Any CPU.ActiveCfg = Debug|Any CPU
		{AC3981A2-3EE7-4E87-B6E6-1BD8295A0DE8}.Debug|Any CPU.Build.0 = Debug|Any CPU
		{AC3981A2-3EE7-4E87-B6E6-1BD8295A0DE8}.Release|Any CPU.ActiveCfg = Release|Any CPU
		{AC3981A2-3EE7-4E87-B6E6-1BD8295A0DE8}.Release|Any CPU.Build.0 = Release|Any CPU
	EndGlobalSection
	GlobalSection(SolutionProperties) = preSolution
		HideSolutionNode = FALSE
	EndGlobalSection
	GlobalSection(ExtensibilityGlobals) = postSolution
		SolutionGuid = {C44DAE97-F24E-426D-BDB3-C2BD73AE55CC}
	EndGlobalSection
EndGlobal
